
Microsoft Visual Studio Solution File, Format Version 12.00
# Visual Studio Express 2013 for Web
VisualStudioVersion = 12.0.21005.1
MinimumVisualStudioVersion = 10.0.40219.1
Project("{FAE04EC0-301F-11D3-BF4B-00C04F79EFBC}") = "eCLDeleteLog", "eCLDeleteLog.csproj", "{1C5CC1CB-E7ED-41C2-B865-008745950DE5}"
EndProject
Global
	GlobalSection(TeamFoundationVersionControl) = preSolution
		SccNumberOfProjects = 2
		SccEnterpriseProvider = {4CA58AB2-18FA-4F8D-95D4-32DDF27D184C}
		SccTeamFoundationServer = http://f3420-tfsasp01:8080/tfs/cco%20program
		SccLocalPath0 = .
		SccProjectUniqueName1 = eCLDeleteLog.csproj
		SccLocalPath1 = .
	EndGlobalSection
	GlobalSection(SolutionConfigurationPlatforms) = preSolution
		Debug|Any CPU = Debug|Any CPU
		Release|Any CPU = Release|Any CPU
	EndGlobalSection
	GlobalSection(ProjectConfigurationPlatforms) = postSolution
		{1C5CC1CB-E7ED-41C2-B865-008745950DE5}.Debug|Any CPU.ActiveCfg = Debug|Any CPU
		{1C5CC1CB-E7ED-41C2-B865-008745950DE5}.Debug|Any CPU.Build.0 = Debug|Any CPU
		{1C5CC1CB-E7ED-41C2-B865-008745950DE5}.Release|Any CPU.ActiveCfg = Release|Any CPU
		{1C5CC1CB-E7ED-41C2-B865-008745950DE5}.Release|Any CPU.Build.0 = Release|Any CPU
	EndGlobalSection
	GlobalSection(SolutionProperties) = preSolution
		HideSolutionNode = FALSE
	EndGlobalSection
EndGlobal
