
Microsoft Visual Studio Solution File, Format Version 12.00
# Visual Studio Version 16
VisualStudioVersion = 16.0.31019.35
MinimumVisualStudioVersion = 10.0.40219.1
Project("{F14B399A-7131-4C87-9E4B-1186C45EF12D}") = "eCoachingReport", "eCoachingReport.rptproj", "{AE3C19A1-D16F-4516-A7BC-30FFB0CDFDA8}"
EndProject
Global
	GlobalSection(SolutionConfigurationPlatforms) = preSolution
		Debug|Default = Debug|Default
		Dev|Default = Dev|Default
	EndGlobalSection
	GlobalSection(ProjectConfigurationPlatforms) = postSolution
		{AE3C19A1-D16F-4516-A7BC-30FFB0CDFDA8}.Debug|Default.ActiveCfg = Debug
		{AE3C19A1-D16F-4516-A7BC-30FFB0CDFDA8}.Dev|Default.ActiveCfg = Prod
		{AE3C19A1-D16F-4516-A7BC-30FFB0CDFDA8}.Dev|Default.Build.0 = Prod
		{AE3C19A1-D16F-4516-A7BC-30FFB0CDFDA8}.Dev|Default.Deploy.0 = Prod
	EndGlobalSection
	GlobalSection(SolutionProperties) = preSolution
		HideSolutionNode = FALSE
	EndGlobalSection
	GlobalSection(ExtensibilityGlobals) = postSolution
		SolutionGuid = {DBC38068-60A3-489A-9488-5F97FF1AD0D8}
	EndGlobalSection
EndGlobal
