
Microsoft Visual Studio Solution File, Format Version 12.00
# Visual Studio 14
VisualStudioVersion = 14.0.25420.1
MinimumVisualStudioVersion = 10.0.40219.1
Project("{F14B399A-7131-4C87-9E4B-1186C45EF12D}") = "eCoachingReport", "eCoachingReport.rptproj", "{68BE983F-A9E3-46BA-B7AF-01788FEABCBD}"
EndProject
Global
	GlobalSection(SolutionConfigurationPlatforms) = preSolution
		Debug|Default = Debug|Default
		DebugLocal|Default = DebugLocal|Default
		Release|Default = Release|Default
	EndGlobalSection
	GlobalSection(ProjectConfigurationPlatforms) = postSolution
		{68BE983F-A9E3-46BA-B7AF-01788FEABCBD}.Debug|Default.ActiveCfg = Debug
		{68BE983F-A9E3-46BA-B7AF-01788FEABCBD}.Debug|Default.Build.0 = Debug
		{68BE983F-A9E3-46BA-B7AF-01788FEABCBD}.Debug|Default.Deploy.0 = Debug
		{68BE983F-A9E3-46BA-B7AF-01788FEABCBD}.DebugLocal|Default.ActiveCfg = DebugLocal
		{68BE983F-A9E3-46BA-B7AF-01788FEABCBD}.DebugLocal|Default.Build.0 = DebugLocal
		{68BE983F-A9E3-46BA-B7AF-01788FEABCBD}.Release|Default.ActiveCfg = Release
		{68BE983F-A9E3-46BA-B7AF-01788FEABCBD}.Release|Default.Build.0 = Release
		{68BE983F-A9E3-46BA-B7AF-01788FEABCBD}.Release|Default.Deploy.0 = Release
	EndGlobalSection
	GlobalSection(SolutionProperties) = preSolution
		HideSolutionNode = FALSE
	EndGlobalSection
EndGlobal
